
Microsoft Visual Studio Solution File, Format Version 12.00
# Visual Studio 15
VisualStudioVersion = 15.0.28307.489
MinimumVisualStudioVersion = 10.0.40219.1
Project("{FAE04EC0-301F-11D3-BF4B-00C04F79EFBC}") = "ProjektowanieMieszkaniaCSharp", "ProjektowanieMieszkaniaCSharp\ProjektowanieMieszkaniaCSharp.csproj", "{AB687F24-98A5-440D-94F7-5683ECB76243}"
EndProject
Global
	GlobalSection(SolutionConfigurationPlatforms) = preSolution
		Debug|Any CPU = Debug|Any CPU
		Release|Any CPU = Release|Any CPU
	EndGlobalSection
	GlobalSection(ProjectConfigurationPlatforms) = postSolution
		{AB687F24-98A5-440D-94F7-5683ECB76243}.Debug|Any CPU.ActiveCfg = Debug|Any CPU
		{AB687F24-98A5-440D-94F7-5683ECB76243}.Debug|Any CPU.Build.0 = Debug|Any CPU
		{AB687F24-98A5-440D-94F7-5683ECB76243}.Release|Any CPU.ActiveCfg = Release|Any CPU
		{AB687F24-98A5-440D-94F7-5683ECB76243}.Release|Any CPU.Build.0 = Release|Any CPU
	EndGlobalSection
	GlobalSection(SolutionProperties) = preSolution
		HideSolutionNode = FALSE
	EndGlobalSection
	GlobalSection(ExtensibilityGlobals) = postSolution
		SolutionGuid = {A5894C61-22E6-4FAA-806B-252E9A1504CC}
	EndGlobalSection
EndGlobal
